
Microsoft Visual Studio Solution File, Format Version 12.00
Project("{FAE04EC0-301F-11D3-BF4B-00C04F79EFBC}") = "Kate-Lin-Blazor-Template", "Kate-Lin-Blazor-Template\Kate-Lin-Blazor-Template.csproj", "{3DD71679-C9F2-4DC4-8B7E-9ED87FDD8A92}"
EndProject
Global
	GlobalSection(SolutionConfigurationPlatforms) = preSolution
		Debug|Any CPU = Debug|Any CPU
		Release|Any CPU = Release|Any CPU
	EndGlobalSection
	GlobalSection(ProjectConfigurationPlatforms) = postSolution
		{3DD71679-C9F2-4DC4-8B7E-9ED87FDD8A92}.Debug|Any CPU.ActiveCfg = Debug|Any CPU
		{3DD71679-C9F2-4DC4-8B7E-9ED87FDD8A92}.Debug|Any CPU.Build.0 = Debug|Any CPU
		{3DD71679-C9F2-4DC4-8B7E-9ED87FDD8A92}.Release|Any CPU.ActiveCfg = Release|Any CPU
		{3DD71679-C9F2-4DC4-8B7E-9ED87FDD8A92}.Release|Any CPU.Build.0 = Release|Any CPU
	EndGlobalSection
EndGlobal
